
Microsoft Visual Studio Solution File, Format Version 12.00
# Visual Studio Version 17
VisualStudioVersion = 17.14.36212.18 d17.14
MinimumVisualStudioVersion = 10.0.40219.1
Project("{FAE04EC0-301F-11D3-BF4B-00C04F79EFBC}") = "Assignment01", "Seeions\Assignment01.csproj", "{B61C3731-047E-4CD5-AB2B-EF72FD6705AE}"
EndProject
Project("{FAE04EC0-301F-11D3-BF4B-00C04F79EFBC}") = "Session02", "Session02\Session02.csproj", "{8A350B69-BCD2-4360-B4C9-65F6BA3F8A78}"
EndProject
Global
	GlobalSection(SolutionConfigurationPlatforms) = preSolution
		Debug|Any CPU = Debug|Any CPU
		Release|Any CPU = Release|Any CPU
	EndGlobalSection
	GlobalSection(ProjectConfigurationPlatforms) = postSolution
		{B61C3731-047E-4CD5-AB2B-EF72FD6705AE}.Debug|Any CPU.ActiveCfg = Debug|Any CPU
		{B61C3731-047E-4CD5-AB2B-EF72FD6705AE}.Debug|Any CPU.Build.0 = Debug|Any CPU
		{B61C3731-047E-4CD5-AB2B-EF72FD6705AE}.Release|Any CPU.ActiveCfg = Release|Any CPU
		{B61C3731-047E-4CD5-AB2B-EF72FD6705AE}.Release|Any CPU.Build.0 = Release|Any CPU
		{8A350B69-BCD2-4360-B4C9-65F6BA3F8A78}.Debug|Any CPU.ActiveCfg = Debug|Any CPU
		{8A350B69-BCD2-4360-B4C9-65F6BA3F8A78}.Debug|Any CPU.Build.0 = Debug|Any CPU
		{8A350B69-BCD2-4360-B4C9-65F6BA3F8A78}.Release|Any CPU.ActiveCfg = Release|Any CPU
		{8A350B69-BCD2-4360-B4C9-65F6BA3F8A78}.Release|Any CPU.Build.0 = Release|Any CPU
	EndGlobalSection
	GlobalSection(SolutionProperties) = preSolution
		HideSolutionNode = FALSE
	EndGlobalSection
	GlobalSection(ExtensibilityGlobals) = postSolution
		SolutionGuid = {4ADCD457-7163-4C79-BA27-FF43B1BC627E}
	EndGlobalSection
EndGlobal
